
Microsoft Visual Studio Solution File, Format Version 12.00
# Visual Studio Version 16
VisualStudioVersion = 16.0.30517.126
MinimumVisualStudioVersion = 10.0.40219.1
Project("{FAE04EC0-301F-11D3-BF4B-00C04F79EFBC}") = "Todo", "Todo.csproj", "{ED6F8551-3B49-49CF-974E-A6AEB96E1834}"
EndProject
Global
	GlobalSection(SolutionConfigurationPlatforms) = preSolution
		Debug|Any CPU = Debug|Any CPU
		Release|Any CPU = Release|Any CPU
	EndGlobalSection
	GlobalSection(ProjectConfigurationPlatforms) = postSolution
		{ED6F8551-3B49-49CF-974E-A6AEB96E1834}.Debug|Any CPU.ActiveCfg = Debug|Any CPU
		{ED6F8551-3B49-49CF-974E-A6AEB96E1834}.Debug|Any CPU.Build.0 = Debug|Any CPU
		{ED6F8551-3B49-49CF-974E-A6AEB96E1834}.Release|Any CPU.ActiveCfg = Release|Any CPU
		{ED6F8551-3B49-49CF-974E-A6AEB96E1834}.Release|Any CPU.Build.0 = Release|Any CPU
	EndGlobalSection
	GlobalSection(SolutionProperties) = preSolution
		HideSolutionNode = FALSE
	EndGlobalSection
	GlobalSection(ExtensibilityGlobals) = postSolution
		SolutionGuid = {F37D0706-E9A8-4AF2-B58F-179E59642F21}
	EndGlobalSection
EndGlobal
